
Microsoft Visual Studio Solution File, Format Version 12.00
# Visual Studio 2013
VisualStudioVersion = 12.0.31101.0
MinimumVisualStudioVersion = 10.0.40219.1
Project("{FAE04EC0-301F-11D3-BF4B-00C04F79EFBC}") = "AtAddon", "AtAddon\AtAddon.csproj", "{3C388080-C5CB-4688-A3E5-7170BE5A3CC1}"
EndProject
Project("{FAE04EC0-301F-11D3-BF4B-00C04F79EFBC}") = "AtAddon.Tests", "AtAddon.Tests\AtAddon.Tests.csproj", "{0CFB4962-AC4D-4547-91FF-2820EC0F0FA4}"
EndProject
Project("{2150E333-8FDC-42A3-9474-1A3956D46DE8}") = "PublishScripts", "PublishScripts", "{F219AD20-F257-43F4-BAEC-832F2879EF3E}"
	ProjectSection(SolutionItems) = preProject
		PublishScripts\AzureWebsitePublishModule.psm1 = PublishScripts\AzureWebsitePublishModule.psm1
		PublishScripts\Publish-WebApplicationWebsite.ps1 = PublishScripts\Publish-WebApplicationWebsite.ps1
	EndProjectSection
EndProject
Project("{2150E333-8FDC-42A3-9474-1A3956D46DE8}") = "Configurations", "Configurations", "{2998EBD0-96D8-4B09-B2B6-0C4E81F817F9}"
	ProjectSection(SolutionItems) = preProject
		PublishScripts\Configurations\AtAddon-WAWS-dev.json = PublishScripts\Configurations\AtAddon-WAWS-dev.json
	EndProjectSection
EndProject
Project("{FAE04EC0-301F-11D3-BF4B-00C04F79EFBC}") = "golem", "golem\golem.csproj", "{A35DF1EC-7BFE-47F5-B97B-47BD40E29B52}"
EndProject
Global
	GlobalSection(SolutionConfigurationPlatforms) = preSolution
		Debug|Any CPU = Debug|Any CPU
		Release|Any CPU = Release|Any CPU
	EndGlobalSection
	GlobalSection(ProjectConfigurationPlatforms) = postSolution
		{3C388080-C5CB-4688-A3E5-7170BE5A3CC1}.Debug|Any CPU.ActiveCfg = Debug|Any CPU
		{3C388080-C5CB-4688-A3E5-7170BE5A3CC1}.Debug|Any CPU.Build.0 = Debug|Any CPU
		{3C388080-C5CB-4688-A3E5-7170BE5A3CC1}.Release|Any CPU.ActiveCfg = Release|Any CPU
		{3C388080-C5CB-4688-A3E5-7170BE5A3CC1}.Release|Any CPU.Build.0 = Release|Any CPU
		{0CFB4962-AC4D-4547-91FF-2820EC0F0FA4}.Debug|Any CPU.ActiveCfg = Debug|Any CPU
		{0CFB4962-AC4D-4547-91FF-2820EC0F0FA4}.Debug|Any CPU.Build.0 = Debug|Any CPU
		{0CFB4962-AC4D-4547-91FF-2820EC0F0FA4}.Release|Any CPU.ActiveCfg = Release|Any CPU
		{0CFB4962-AC4D-4547-91FF-2820EC0F0FA4}.Release|Any CPU.Build.0 = Release|Any CPU
		{A35DF1EC-7BFE-47F5-B97B-47BD40E29B52}.Debug|Any CPU.ActiveCfg = Debug|Any CPU
		{A35DF1EC-7BFE-47F5-B97B-47BD40E29B52}.Debug|Any CPU.Build.0 = Debug|Any CPU
		{A35DF1EC-7BFE-47F5-B97B-47BD40E29B52}.Release|Any CPU.ActiveCfg = Release|Any CPU
		{A35DF1EC-7BFE-47F5-B97B-47BD40E29B52}.Release|Any CPU.Build.0 = Release|Any CPU
	EndGlobalSection
	GlobalSection(SolutionProperties) = preSolution
		HideSolutionNode = FALSE
	EndGlobalSection
	GlobalSection(NestedProjects) = preSolution
		{2998EBD0-96D8-4B09-B2B6-0C4E81F817F9} = {F219AD20-F257-43F4-BAEC-832F2879EF3E}
	EndGlobalSection
EndGlobal
